// !$*UTF8*$!
{
	archiveVersion = 1;
	classes = {
	};
	objectVersion = 50;
	objects = {

/* Begin PBXBuildFile section */
		A002BCED23C45C9600BCE785 /* AppDelegate.swift in Sources */ = {isa = PBXBuildFile; fileRef = A002BCEC23C45C9600BCE785 /* AppDelegate.swift */; };
		A002BCEF23C45C9600BCE785 /* SceneDelegate.swift in Sources */ = {isa = PBXBuildFile; fileRef = A002BCEE23C45C9600BCE785 /* SceneDelegate.swift */; };
		A002BCF123C45C9600BCE785 /* ViewController.swift in Sources */ = {isa = PBXBuildFile; fileRef = A002BCF023C45C9600BCE785 /* ViewController.swift */; };
		A002BCF423C45C9600BCE785 /* Main.storyboard in Resources */ = {isa = PBXBuildFile; fileRef = A002BCF223C45C9600BCE785 /* Main.storyboard */; };
		A002BCF623C45C9800BCE785 /* Assets.xcassets in Resources */ = {isa = PBXBuildFile; fileRef = A002BCF523C45C9800BCE785 /* Assets.xcassets */; };
		A002BCF923C45C9800BCE785 /* LaunchScreen.storyboard in Resources */ = {isa = PBXBuildFile; fileRef = A002BCF723C45C9800BCE785 /* LaunchScreen.storyboard */; };
		A002BD0123C45CF500BCE785 /* Renderer.swift in Sources */ = {isa = PBXBuildFile; fileRef = A002BD0023C45CF500BCE785 /* Renderer.swift */; };
/* End PBXBuildFile section */

/* Begin PBXFileReference section */
		A002BCE923C45C9600BCE785 /* Cube3D.app */ = {isa = PBXFileReference; explicitFileType = wrapper.application; includeInIndex = 0; path = Cube3D.app; sourceTree = BUILT_PRODUCTS_DIR; };
		A002BCEC23C45C9600BCE785 /* AppDelegate.swift */ = {isa = PBXFileReference; lastKnownFileType = sourcecode.swift; path = AppDelegate.swift; sourceTree = "<group>"; };
		A002BCEE23C45C9600BCE785 /* SceneDelegate.swift */ = {isa = PBXFileReference; lastKnownFileType = sourcecode.swift; path = SceneDelegate.swift; sourceTree = "<group>"; };
		A002BCF023C45C9600BCE785 /* ViewController.swift */ = {isa = PBXFileReference; lastKnownFileType = sourcecode.swift; path = ViewController.swift; sourceTree = "<group>"; };
		A002BCF323C45C9600BCE785 /* Base */ = {isa = PBXFileReference; lastKnownFileType = file.storyboard; name = Base; path = Base.lproj/Main.storyboard; sourceTree = "<group>"; };
		A002BCF523C45C9800BCE785 /* Assets.xcassets */ = {isa = PBXFileReference; lastKnownFileType = folder.assetcatalog; path = Assets.xcassets; sourceTree = "<group>"; };
		A002BCF823C45C9800BCE785 /* Base */ = {isa = PBXFileReference; lastKnownFileType = file.storyboard; name = Base; path = Base.lproj/LaunchScreen.storyboard; sourceTree = "<group>"; };
		A002BCFA23C45C9800BCE785 /* Info.plist */ = {isa = PBXFileReference; lastKnownFileType = text.plist.xml; path = Info.plist; sourceTree = "<group>"; };
		A002BD0023C45CF500BCE785 /* Renderer.swift */ = {isa = PBXFileReference; lastKnownFileType = sourcecode.swift; path = Renderer.swift; sourceTree = "<group>"; };
/* End PBXFileReference section */

/* Begin PBXFrameworksBuildPhase section */
		A002BCE623C45C9600BCE785 /* Frameworks */ = {
			isa = PBXFrameworksBuildPhase;
			buildActionMask = 2147483647;
			files = (
			);
			runOnlyForDeploymentPostprocessing = 0;
		};
/* End PBXFrameworksBuildPhase section */

/* Begin PBXGroup section */
		A002BCE023C45C9600BCE785 = {
			isa = PBXGroup;
			children = (
				A002BCEB23C45C9600BCE785 /* Cube3D */,
				A002BCEA23C45C9600BCE785 /* Products */,
			);
			sourceTree = "<group>";
		};
		A002BCEA23C45C9600BCE785 /* Products */ = {
			isa = PBXGroup;
			children = (
				A002BCE923C45C9600BCE785 /* Cube3D.app */,
			);
			name = Products;
			sourceTree = "<group>";
		};
		A002BCEB23C45C9600BCE785 /* Cube3D */ = {
			isa = PBXGroup;
			children = (
				A002BCEC23C45C9600BCE785 /* AppDelegate.swift */,
				A002BCEE23C45C9600BCE785 /* SceneDelegate.swift */,
				A002BCF023C45C9600BCE785 /* ViewController.swift */,
				A002BCF223C45C9600BCE785 /* Main.storyboard */,
				A002BCF523C45C9800BCE785 /* Assets.xcassets */,
				A002BCF723C45C9800BCE785 /* LaunchScreen.storyboard */,
				A002BCFA23C45C9800BCE785 /* Info.plist */,
				A002BD0023C45CF500BCE785 /* Renderer.swift */,
			);
			path = Cube3D;
			sourceTree = "<group>";
		};
/* End PBXGroup section */

/* Begin PBXNativeTarget section */
		A002BCE823C45C9600BCE785 /* Cube3D */ = {
			isa = PBXNativeTarget;
			buildConfigurationList = A002BCFD23C45C9800BCE785 /* Build configuration list for PBXNativeTarget "Cube3D" */;
			buildPhases = (
				A002BCE523C45C9600BCE785 /* Sources */,
				A002BCE623C45C9600BCE785 /* Frameworks */,
				A002BCE723C45C9600BCE785 /* Resources */,
			);
			buildRules = (
			);
			dependencies = (
			);
			name = Cube3D;
			productName = Cube3D;
			productReference = A002BCE923C45C9600BCE785 /* Cube3D.app */;
			productType = "com.apple.product-type.application";
		};
/* End PBXNativeTarget section */

/* Begin PBXProject section */
		A002BCE123C45C9600BCE785 /* Project object */ = {
			isa = PBXProject;
			attributes = {
				LastSwiftUpdateCheck = 1130;
				LastUpgradeCheck = 1130;
				ORGANIZATIONNAME = "Tao Xu";
				TargetAttributes = {
					A002BCE823C45C9600BCE785 = {
						CreatedOnToolsVersion = 11.3;
					};
				};
			};
			buildConfigurationList = A002BCE423C45C9600BCE785 /* Build configuration list for PBXProject "Cube3D" */;
			compatibilityVersion = "Xcode 9.3";
			developmentRegion = en;
			hasScannedForEncodings = 0;
			knownRegions = (
				en,
				Base,
			);
			mainGroup = A002BCE023C45C9600BCE785;
			productRefGroup = A002BCEA23C45C9600BCE785 /* Products */;
			projectDirPath = "";
			projectRoot = "";
			targets = (
				A002BCE823C45C9600BCE785 /* Cube3D */,
			);
		};
/* End PBXProject section */

/* Begin PBXResourcesBuildPhase section */
		A002BCE723C45C9600BCE785 /* Resources */ = {
			isa = PBXResourcesBuildPhase;
			buildActionMask = 2147483647;
			files = (
				A002BCF923C45C9800BCE785 /* LaunchScreen.storyboard in Resources */,
				A002BCF623C45C9800BCE785 /* Assets.xcassets in Resources */,
				A002BCF423C45C9600BCE785 /* Main.storyboard in Resources */,
			);
			runOnlyForDeploymentPostprocessing = 0;
		};
/* End PBXResourcesBuildPhase section */

/* Begin PBXSourcesBuildPhase section */
		A002BCE523C45C9600BCE785 /* Sources */ = {
			isa = PBXSourcesBuildPhase;
			buildActionMask = 2147483647;
			files = (
				A002BD0123C45CF500BCE785 /* Renderer.swift in Sources */,
				A002BCF123C45C9600BCE785 /* ViewController.swift in Sources */,
				A002BCED23C45C9600BCE785 /* AppDelegate.swift in Sources */,
				A002BCEF23C45C9600BCE785 /* SceneDelegate.swift in Sources */,
			);
			runOnlyForDeploymentPostprocessing = 0;
		};
/* End PBXSourcesBuildPhase section */

/* Begin PBXVariantGroup section */
		A002BCF223C45C9600BCE785 /* Main.storyboard */ = {
			isa = PBXVariantGroup;
			children = (
				A002BCF323C45C9600BCE785 /* Base */,
			);
			name = Main.storyboard;
			sourceTree = "<group>";
		};
		A002BCF723C45C9800BCE785 /* LaunchScreen.storyboard */ = {
			isa = PBXVariantGroup;
			children = (
				A002BCF823C45C9800BCE785 /* Base */,
			);
			name = LaunchScreen.storyboard;
			sourceTree = "<group>";
		};
/* End PBXVariantGroup section */

/* Begin XCBuildConfiguration section */
		A002BCFB23C45C9800BCE785 /* Debug */ = {
			isa = XCBuildConfiguration;
			buildSettings = {
				ALWAYS_SEARCH_USER_PATHS = NO;
				CLANG_ANALYZER_NONNULL = YES;
				CLANG_ANALYZER_NUMBER_OBJECT_CONVERSION = YES_AGGRESSIVE;
				CLANG_CXX_LANGUAGE_STANDARD = "gnu++14";
				CLANG_CXX_LIBRARY = "libc++";
				CLANG_ENABLE_MODULES = YES;
				CLANG_ENABLE_OBJC_ARC = YES;
				CLANG_ENABLE_OBJC_WEAK = YES;
				CLANG_WARN_BLOCK_CAPTURE_AUTORELEASING = YES;
				CLANG_WARN_BOOL_CONVERSION = YES;
				CLANG_WARN_COMMA = YES;
				CLANG_WARN_CONSTANT_CONVERSION = YES;
				CLANG_WARN_DEPRECATED_OBJC_IMPLEMENTATIONS = YES;
				CLANG_WARN_DIRECT_OBJC_ISA_USAGE = YES_ERROR;
				CLANG_WARN_DOCUMENTATION_COMMENTS = YES;
				CLANG_WARN_EMPTY_BODY = YES;
				CLANG_WARN_ENUM_CONVERSION = YES;
				CLANG_WARN_INFINITE_RECURSION = YES;
				CLANG_WARN_INT_CONVERSION = YES;
				CLANG_WARN_NON_LITERAL_NULL_CONVERSION = YES;
				CLANG_WARN_OBJC_IMPLICIT_RETAIN_SELF = YES;
				CLANG_WARN_OBJC_LITERAL_CONVERSION = YES;
				CLANG_WARN_OBJC_ROOT_CLASS = YES_ERROR;
				CLANG_WARN_RANGE_LOOP_ANALYSIS = YES;
				CLANG_WARN_STRICT_PROTOTYPES = YES;
				CLANG_WARN_SUSPICIOUS_MOVE = YES;
				CLANG_WARN_UNGUARDED_AVAILABILITY = YES_AGGRESSIVE;
				CLANG_WARN_UNREACHABLE_CODE = YES;
				CLANG_WARN__DUPLICATE_METHOD_MATCH = YES;
				COPY_PHASE_STRIP = NO;
				DEBUG_INFORMATION_FORMAT = dwarf;
				ENABLE_STRICT_OBJC_MSGSEND = YES;
				ENABLE_TESTABILITY = YES;
				GCC_C_LANGUAGE_STANDARD = gnu11;
				GCC_DYNAMIC_NO_PIC = NO;
				GCC_NO_COMMON_BLOCKS = YES;
				GCC_OPTIMIZATION_LEVEL = 0;
				GCC_PREPROCESSOR_DEFINITIONS = (
					"DEBUG=1",
					"$(inherited)",
				);
				GCC_WARN_64_TO_32_BIT_CONVERSION = YES;
				GCC_WARN_ABOUT_RETURN_TYPE = YES_ERROR;
				GCC_WARN_UNDECLARED_SELECTOR = YES;
				GCC_WARN_UNINITIALIZED_AUTOS = YES_AGGRESSIVE;
				GCC_WARN_UNUSED_FUNCTION = YES;
				GCC_WARN_UNUSED_VARIABLE = YES;
				IPHONEOS_DEPLOYMENT_TARGET = 13.2;
				MTL_ENABLE_DEBUG_INFO = INCLUDE_SOURCE;
				MTL_FAST_MATH = YES;
				ONLY_ACTIVE_ARCH = YES;
				SDKROOT = iphoneos;
				SWIFT_ACTIVE_COMPILATION_CONDITIONS = DEBUG;
				SWIFT_OPTIMIZATION_LEVEL = "-Onone";
			};
			name = Debug;
		};
		A002BCFC23C45C9800BCE785 /* Release */ = {
			isa = XCBuildConfiguration;
			buildSettings = {
				ALWAYS_SEARCH_USER_PATHS = NO;
				CLANG_ANALYZER_NONNULL = YES;
				CLANG_ANALYZER_NUMBER_OBJECT_CONVERSION = YES_AGGRESSIVE;
				CLANG_CXX_LANGUAGE_STANDARD = "gnu++14";
				CLANG_CXX_LIBRARY = "libc++";
				CLANG_ENABLE_MODULES = YES;
				CLANG_ENABLE_OBJC_ARC = YES;
				CLANG_ENABLE_OBJC_WEAK = YES;
				CLANG_WARN_BLOCK_CAPTURE_AUTORELEASING = YES;
				CLANG_WARN_BOOL_CONVERSION = YES;
				CLANG_WARN_COMMA = YES;
				CLANG_WARN_CONSTANT_CONVERSION = YES;
				CLANG_WARN_DEPRECATED_OBJC_IMPLEMENTATIONS = YES;
				CLANG_WARN_DIRECT_OBJC_ISA_USAGE = YES_ERROR;
				CLANG_WARN_DOCUMENTATION_COMMENTS = YES;
				CLANG_WARN_EMPTY_BODY = YES;
				CLANG_WARN_ENUM_CONVERSION = YES;
				CLANG_WARN_INFINITE_RECURSION = YES;
				CLANG_WARN_INT_CONVERSION = YES;
				CLANG_WARN_NON_LITERAL_NULL_CONVERSION = YES;
				CLANG_WARN_OBJC_IMPLICIT_RETAIN_SELF = YES;
				CLANG_WARN_OBJC_LITERAL_CONVERSION = YES;
				CLANG_WARN_OBJC_ROOT_CLASS = YES_ERROR;
				CLANG_WARN_RANGE_LOOP_ANALYSIS = YES;
				CLANG_WARN_STRICT_PROTOTYPES = YES;
				CLANG_WARN_SUSPICIOUS_MOVE = YES;
				CLANG_WARN_UNGUARDED_AVAILABILITY = YES_AGGRESSIVE;
				CLANG_WARN_UNREACHABLE_CODE = YES;
				CLANG_WARN__DUPLICATE_METHOD_MATCH = YES;
				COPY_PHASE_STRIP = NO;
				DEBUG_INFORMATION_FORMAT = "dwarf-with-dsym";
				ENABLE_NS_ASSERTIONS = NO;
				ENABLE_STRICT_OBJC_MSGSEND = YES;
				GCC_C_LANGUAGE_STANDARD = gnu11;
				GCC_NO_COMMON_BLOCKS = YES;
				GCC_WARN_64_TO_32_BIT_CONVERSION = YES;
				GCC_WARN_ABOUT_RETURN_TYPE = YES_ERROR;
				GCC_WARN_UNDECLARED_SELECTOR = YES;
				GCC_WARN_UNINITIALIZED_AUTOS = YES_AGGRESSIVE;
				GCC_WARN_UNUSED_FUNCTION = YES;
				GCC_WARN_UNUSED_VARIABLE = YES;
				IPHONEOS_DEPLOYMENT_TARGET = 13.2;
				MTL_ENABLE_DEBUG_INFO = NO;
				MTL_FAST_MATH = YES;
				SDKROOT = iphoneos;
				SWIFT_COMPILATION_MODE = wholemodule;
				SWIFT_OPTIMIZATION_LEVEL = "-O";
				VALIDATE_PRODUCT = YES;
			};
			name = Release;
		};
		A002BCFE23C45C9800BCE785 /* Debug */ = {
			isa = XCBuildConfiguration;
			buildSettings = {
				ASSETCATALOG_COMPILER_APPICON_NAME = AppIcon;
				CODE_SIGN_STYLE = Automatic;
				INFOPLIST_FILE = Cube3D/Info.plist;
				LD_RUNPATH_SEARCH_PATHS = (
					"$(inherited)",
					"@executable_path/Frameworks",
				);
				PRODUCT_BUNDLE_IDENTIFIER = com.xta0.Cube3D;
				PRODUCT_NAME = "$(TARGET_NAME)";
				SWIFT_VERSION = 5.0;
				TARGETED_DEVICE_FAMILY = "1,2";
			};
			name = Debug;
		};
		A002BCFF23C45C9800BCE785 /* Release */ = {
			isa = XCBuildConfiguration;
			buildSettings = {
				ASSETCATALOG_COMPILER_APPICON_NAME = AppIcon;
				CODE_SIGN_STYLE = Automatic;
				INFOPLIST_FILE = Cube3D/Info.plist;
				LD_RUNPATH_SEARCH_PATHS = (
					"$(inherited)",
					"@executable_path/Frameworks",
				);
				PRODUCT_BUNDLE_IDENTIFIER = com.xta0.Cube3D;
				PRODUCT_NAME = "$(TARGET_NAME)";
				SWIFT_VERSION = 5.0;
				TARGETED_DEVICE_FAMILY = "1,2";
			};
			name = Release;
		};
/* End XCBuildConfiguration section */

/* Begin XCConfigurationList section */
		A002BCE423C45C9600BCE785 /* Build configuration list for PBXProject "Cube3D" */ = {
			isa = XCConfigurationList;
			buildConfigurations = (
				A002BCFB23C45C9800BCE785 /* Debug */,
				A002BCFC23C45C9800BCE785 /* Release */,
			);
			defaultConfigurationIsVisible = 0;
			defaultConfigurationName = Release;
		};
		A002BCFD23C45C9800BCE785 /* Build configuration list for PBXNativeTarget "Cube3D" */ = {
			isa = XCConfigurationList;
			buildConfigurations = (
				A002BCFE23C45C9800BCE785 /* Debug */,
				A002BCFF23C45C9800BCE785 /* Release */,
			);
			defaultConfigurationIsVisible = 0;
			defaultConfigurationName = Release;
		};
/* End XCConfigurationList section */
	};
	rootObject = A002BCE123C45C9600BCE785 /* Project object */;
}
