// !$*UTF8*$!
{
	archiveVersion = 1;
	classes = {
	};
	objectVersion = 50;
	objects = {

/* Begin PBXBuildFile section */
		A0F8ECF72356EEEA00B9E0BA /* AppDelegate.swift in Sources */ = {isa = PBXBuildFile; fileRef = A0F8ECF62356EEEA00B9E0BA /* AppDelegate.swift */; };
		A0F8ECF92356EEEA00B9E0BA /* ViewController.swift in Sources */ = {isa = PBXBuildFile; fileRef = A0F8ECF82356EEEA00B9E0BA /* ViewController.swift */; };
		A0F8ECFB2356EEEB00B9E0BA /* Assets.xcassets in Resources */ = {isa = PBXBuildFile; fileRef = A0F8ECFA2356EEEB00B9E0BA /* Assets.xcassets */; };
		A0F8ECFE2356EEEB00B9E0BA /* Main.storyboard in Resources */ = {isa = PBXBuildFile; fileRef = A0F8ECFC2356EEEB00B9E0BA /* Main.storyboard */; };
		A0F8ED072356EFEE00B9E0BA /* Renderer.swift in Sources */ = {isa = PBXBuildFile; fileRef = A0F8ED062356EFEE00B9E0BA /* Renderer.swift */; };
/* End PBXBuildFile section */

/* Begin PBXFileReference section */
		A0F8ECF32356EEEA00B9E0BA /* MetalRender.app */ = {isa = PBXFileReference; explicitFileType = wrapper.application; includeInIndex = 0; path = MetalRender.app; sourceTree = BUILT_PRODUCTS_DIR; };
		A0F8ECF62356EEEA00B9E0BA /* AppDelegate.swift */ = {isa = PBXFileReference; lastKnownFileType = sourcecode.swift; path = AppDelegate.swift; sourceTree = "<group>"; };
		A0F8ECF82356EEEA00B9E0BA /* ViewController.swift */ = {isa = PBXFileReference; lastKnownFileType = sourcecode.swift; path = ViewController.swift; sourceTree = "<group>"; };
		A0F8ECFA2356EEEB00B9E0BA /* Assets.xcassets */ = {isa = PBXFileReference; lastKnownFileType = folder.assetcatalog; path = Assets.xcassets; sourceTree = "<group>"; };
		A0F8ECFD2356EEEB00B9E0BA /* Base */ = {isa = PBXFileReference; lastKnownFileType = file.storyboard; name = Base; path = Base.lproj/Main.storyboard; sourceTree = "<group>"; };
		A0F8ECFF2356EEEB00B9E0BA /* Info.plist */ = {isa = PBXFileReference; lastKnownFileType = text.plist.xml; path = Info.plist; sourceTree = "<group>"; };
		A0F8ED002356EEEB00B9E0BA /* MetalRender.entitlements */ = {isa = PBXFileReference; lastKnownFileType = text.plist.entitlements; path = MetalRender.entitlements; sourceTree = "<group>"; };
		A0F8ED062356EFEE00B9E0BA /* Renderer.swift */ = {isa = PBXFileReference; lastKnownFileType = sourcecode.swift; path = Renderer.swift; sourceTree = "<group>"; };
/* End PBXFileReference section */

/* Begin PBXFrameworksBuildPhase section */
		A0F8ECF02356EEEA00B9E0BA /* Frameworks */ = {
			isa = PBXFrameworksBuildPhase;
			buildActionMask = 2147483647;
			files = (
			);
			runOnlyForDeploymentPostprocessing = 0;
		};
/* End PBXFrameworksBuildPhase section */

/* Begin PBXGroup section */
		A0F8ECEA2356EEEA00B9E0BA = {
			isa = PBXGroup;
			children = (
				A0F8ECF52356EEEA00B9E0BA /* MetalRender */,
				A0F8ECF42356EEEA00B9E0BA /* Products */,
			);
			sourceTree = "<group>";
		};
		A0F8ECF42356EEEA00B9E0BA /* Products */ = {
			isa = PBXGroup;
			children = (
				A0F8ECF32356EEEA00B9E0BA /* MetalRender.app */,
			);
			name = Products;
			sourceTree = "<group>";
		};
		A0F8ECF52356EEEA00B9E0BA /* MetalRender */ = {
			isa = PBXGroup;
			children = (
				A0F8ECF62356EEEA00B9E0BA /* AppDelegate.swift */,
				A0F8ECF82356EEEA00B9E0BA /* ViewController.swift */,
				A0F8ECFA2356EEEB00B9E0BA /* Assets.xcassets */,
				A0F8ECFC2356EEEB00B9E0BA /* Main.storyboard */,
				A0F8ECFF2356EEEB00B9E0BA /* Info.plist */,
				A0F8ED002356EEEB00B9E0BA /* MetalRender.entitlements */,
				A0F8ED062356EFEE00B9E0BA /* Renderer.swift */,
			);
			path = MetalRender;
			sourceTree = "<group>";
		};
/* End PBXGroup section */

/* Begin PBXNativeTarget section */
		A0F8ECF22356EEEA00B9E0BA /* MetalRender */ = {
			isa = PBXNativeTarget;
			buildConfigurationList = A0F8ED032356EEEB00B9E0BA /* Build configuration list for PBXNativeTarget "MetalRender" */;
			buildPhases = (
				A0F8ECEF2356EEEA00B9E0BA /* Sources */,
				A0F8ECF02356EEEA00B9E0BA /* Frameworks */,
				A0F8ECF12356EEEA00B9E0BA /* Resources */,
			);
			buildRules = (
			);
			dependencies = (
			);
			name = MetalRender;
			productName = MetalRender;
			productReference = A0F8ECF32356EEEA00B9E0BA /* MetalRender.app */;
			productType = "com.apple.product-type.application";
		};
/* End PBXNativeTarget section */

/* Begin PBXProject section */
		A0F8ECEB2356EEEA00B9E0BA /* Project object */ = {
			isa = PBXProject;
			attributes = {
				LastSwiftUpdateCheck = 1110;
				LastUpgradeCheck = 1110;
				ORGANIZATIONNAME = taox;
				TargetAttributes = {
					A0F8ECF22356EEEA00B9E0BA = {
						CreatedOnToolsVersion = 11.1;
					};
				};
			};
			buildConfigurationList = A0F8ECEE2356EEEA00B9E0BA /* Build configuration list for PBXProject "MetalRender" */;
			compatibilityVersion = "Xcode 9.3";
			developmentRegion = en;
			hasScannedForEncodings = 0;
			knownRegions = (
				en,
				Base,
			);
			mainGroup = A0F8ECEA2356EEEA00B9E0BA;
			productRefGroup = A0F8ECF42356EEEA00B9E0BA /* Products */;
			projectDirPath = "";
			projectRoot = "";
			targets = (
				A0F8ECF22356EEEA00B9E0BA /* MetalRender */,
			);
		};
/* End PBXProject section */

/* Begin PBXResourcesBuildPhase section */
		A0F8ECF12356EEEA00B9E0BA /* Resources */ = {
			isa = PBXResourcesBuildPhase;
			buildActionMask = 2147483647;
			files = (
				A0F8ECFB2356EEEB00B9E0BA /* Assets.xcassets in Resources */,
				A0F8ECFE2356EEEB00B9E0BA /* Main.storyboard in Resources */,
			);
			runOnlyForDeploymentPostprocessing = 0;
		};
/* End PBXResourcesBuildPhase section */

/* Begin PBXSourcesBuildPhase section */
		A0F8ECEF2356EEEA00B9E0BA /* Sources */ = {
			isa = PBXSourcesBuildPhase;
			buildActionMask = 2147483647;
			files = (
				A0F8ECF92356EEEA00B9E0BA /* ViewController.swift in Sources */,
				A0F8ED072356EFEE00B9E0BA /* Renderer.swift in Sources */,
				A0F8ECF72356EEEA00B9E0BA /* AppDelegate.swift in Sources */,
			);
			runOnlyForDeploymentPostprocessing = 0;
		};
/* End PBXSourcesBuildPhase section */

/* Begin PBXVariantGroup section */
		A0F8ECFC2356EEEB00B9E0BA /* Main.storyboard */ = {
			isa = PBXVariantGroup;
			children = (
				A0F8ECFD2356EEEB00B9E0BA /* Base */,
			);
			name = Main.storyboard;
			sourceTree = "<group>";
		};
/* End PBXVariantGroup section */

/* Begin XCBuildConfiguration section */
		A0F8ED012356EEEB00B9E0BA /* Debug */ = {
			isa = XCBuildConfiguration;
			buildSettings = {
				ALWAYS_SEARCH_USER_PATHS = NO;
				CLANG_ANALYZER_NONNULL = YES;
				CLANG_ANALYZER_NUMBER_OBJECT_CONVERSION = YES_AGGRESSIVE;
				CLANG_CXX_LANGUAGE_STANDARD = "gnu++14";
				CLANG_CXX_LIBRARY = "libc++";
				CLANG_ENABLE_MODULES = YES;
				CLANG_ENABLE_OBJC_ARC = YES;
				CLANG_ENABLE_OBJC_WEAK = YES;
				CLANG_WARN_BLOCK_CAPTURE_AUTORELEASING = YES;
				CLANG_WARN_BOOL_CONVERSION = YES;
				CLANG_WARN_COMMA = YES;
				CLANG_WARN_CONSTANT_CONVERSION = YES;
				CLANG_WARN_DEPRECATED_OBJC_IMPLEMENTATIONS = YES;
				CLANG_WARN_DIRECT_OBJC_ISA_USAGE = YES_ERROR;
				CLANG_WARN_DOCUMENTATION_COMMENTS = YES;
				CLANG_WARN_EMPTY_BODY = YES;
				CLANG_WARN_ENUM_CONVERSION = YES;
				CLANG_WARN_INFINITE_RECURSION = YES;
				CLANG_WARN_INT_CONVERSION = YES;
				CLANG_WARN_NON_LITERAL_NULL_CONVERSION = YES;
				CLANG_WARN_OBJC_IMPLICIT_RETAIN_SELF = YES;
				CLANG_WARN_OBJC_LITERAL_CONVERSION = YES;
				CLANG_WARN_OBJC_ROOT_CLASS = YES_ERROR;
				CLANG_WARN_RANGE_LOOP_ANALYSIS = YES;
				CLANG_WARN_STRICT_PROTOTYPES = YES;
				CLANG_WARN_SUSPICIOUS_MOVE = YES;
				CLANG_WARN_UNGUARDED_AVAILABILITY = YES_AGGRESSIVE;
				CLANG_WARN_UNREACHABLE_CODE = YES;
				CLANG_WARN__DUPLICATE_METHOD_MATCH = YES;
				COPY_PHASE_STRIP = NO;
				DEBUG_INFORMATION_FORMAT = dwarf;
				ENABLE_STRICT_OBJC_MSGSEND = YES;
				ENABLE_TESTABILITY = YES;
				GCC_C_LANGUAGE_STANDARD = gnu11;
				GCC_DYNAMIC_NO_PIC = NO;
				GCC_NO_COMMON_BLOCKS = YES;
				GCC_OPTIMIZATION_LEVEL = 0;
				GCC_PREPROCESSOR_DEFINITIONS = (
					"DEBUG=1",
					"$(inherited)",
				);
				GCC_WARN_64_TO_32_BIT_CONVERSION = YES;
				GCC_WARN_ABOUT_RETURN_TYPE = YES_ERROR;
				GCC_WARN_UNDECLARED_SELECTOR = YES;
				GCC_WARN_UNINITIALIZED_AUTOS = YES_AGGRESSIVE;
				GCC_WARN_UNUSED_FUNCTION = YES;
				GCC_WARN_UNUSED_VARIABLE = YES;
				MACOSX_DEPLOYMENT_TARGET = 10.14;
				MTL_ENABLE_DEBUG_INFO = INCLUDE_SOURCE;
				MTL_FAST_MATH = YES;
				ONLY_ACTIVE_ARCH = YES;
				SDKROOT = macosx;
				SWIFT_ACTIVE_COMPILATION_CONDITIONS = DEBUG;
				SWIFT_OPTIMIZATION_LEVEL = "-Onone";
			};
			name = Debug;
		};
		A0F8ED022356EEEB00B9E0BA /* Release */ = {
			isa = XCBuildConfiguration;
			buildSettings = {
				ALWAYS_SEARCH_USER_PATHS = NO;
				CLANG_ANALYZER_NONNULL = YES;
				CLANG_ANALYZER_NUMBER_OBJECT_CONVERSION = YES_AGGRESSIVE;
				CLANG_CXX_LANGUAGE_STANDARD = "gnu++14";
				CLANG_CXX_LIBRARY = "libc++";
				CLANG_ENABLE_MODULES = YES;
				CLANG_ENABLE_OBJC_ARC = YES;
				CLANG_ENABLE_OBJC_WEAK = YES;
				CLANG_WARN_BLOCK_CAPTURE_AUTORELEASING = YES;
				CLANG_WARN_BOOL_CONVERSION = YES;
				CLANG_WARN_COMMA = YES;
				CLANG_WARN_CONSTANT_CONVERSION = YES;
				CLANG_WARN_DEPRECATED_OBJC_IMPLEMENTATIONS = YES;
				CLANG_WARN_DIRECT_OBJC_ISA_USAGE = YES_ERROR;
				CLANG_WARN_DOCUMENTATION_COMMENTS = YES;
				CLANG_WARN_EMPTY_BODY = YES;
				CLANG_WARN_ENUM_CONVERSION = YES;
				CLANG_WARN_INFINITE_RECURSION = YES;
				CLANG_WARN_INT_CONVERSION = YES;
				CLANG_WARN_NON_LITERAL_NULL_CONVERSION = YES;
				CLANG_WARN_OBJC_IMPLICIT_RETAIN_SELF = YES;
				CLANG_WARN_OBJC_LITERAL_CONVERSION = YES;
				CLANG_WARN_OBJC_ROOT_CLASS = YES_ERROR;
				CLANG_WARN_RANGE_LOOP_ANALYSIS = YES;
				CLANG_WARN_STRICT_PROTOTYPES = YES;
				CLANG_WARN_SUSPICIOUS_MOVE = YES;
				CLANG_WARN_UNGUARDED_AVAILABILITY = YES_AGGRESSIVE;
				CLANG_WARN_UNREACHABLE_CODE = YES;
				CLANG_WARN__DUPLICATE_METHOD_MATCH = YES;
				COPY_PHASE_STRIP = NO;
				DEBUG_INFORMATION_FORMAT = "dwarf-with-dsym";
				ENABLE_NS_ASSERTIONS = NO;
				ENABLE_STRICT_OBJC_MSGSEND = YES;
				GCC_C_LANGUAGE_STANDARD = gnu11;
				GCC_NO_COMMON_BLOCKS = YES;
				GCC_WARN_64_TO_32_BIT_CONVERSION = YES;
				GCC_WARN_ABOUT_RETURN_TYPE = YES_ERROR;
				GCC_WARN_UNDECLARED_SELECTOR = YES;
				GCC_WARN_UNINITIALIZED_AUTOS = YES_AGGRESSIVE;
				GCC_WARN_UNUSED_FUNCTION = YES;
				GCC_WARN_UNUSED_VARIABLE = YES;
				MACOSX_DEPLOYMENT_TARGET = 10.14;
				MTL_ENABLE_DEBUG_INFO = NO;
				MTL_FAST_MATH = YES;
				SDKROOT = macosx;
				SWIFT_COMPILATION_MODE = wholemodule;
				SWIFT_OPTIMIZATION_LEVEL = "-O";
			};
			name = Release;
		};
		A0F8ED042356EEEB00B9E0BA /* Debug */ = {
			isa = XCBuildConfiguration;
			buildSettings = {
				ASSETCATALOG_COMPILER_APPICON_NAME = AppIcon;
				CODE_SIGN_ENTITLEMENTS = MetalRender/MetalRender.entitlements;
				CODE_SIGN_STYLE = Automatic;
				COMBINE_HIDPI_IMAGES = YES;
				DEVELOPMENT_TEAM = GW8XWHWQR7;
				ENABLE_HARDENED_RUNTIME = YES;
				INFOPLIST_FILE = MetalRender/Info.plist;
				LD_RUNPATH_SEARCH_PATHS = (
					"$(inherited)",
					"@executable_path/../Frameworks",
				);
				PRODUCT_BUNDLE_IDENTIFIER = com.xta0.MetalRender;
				PRODUCT_NAME = "$(TARGET_NAME)";
				SWIFT_VERSION = 5.0;
			};
			name = Debug;
		};
		A0F8ED052356EEEB00B9E0BA /* Release */ = {
			isa = XCBuildConfiguration;
			buildSettings = {
				ASSETCATALOG_COMPILER_APPICON_NAME = AppIcon;
				CODE_SIGN_ENTITLEMENTS = MetalRender/MetalRender.entitlements;
				CODE_SIGN_STYLE = Automatic;
				COMBINE_HIDPI_IMAGES = YES;
				DEVELOPMENT_TEAM = GW8XWHWQR7;
				ENABLE_HARDENED_RUNTIME = YES;
				INFOPLIST_FILE = MetalRender/Info.plist;
				LD_RUNPATH_SEARCH_PATHS = (
					"$(inherited)",
					"@executable_path/../Frameworks",
				);
				PRODUCT_BUNDLE_IDENTIFIER = com.xta0.MetalRender;
				PRODUCT_NAME = "$(TARGET_NAME)";
				SWIFT_VERSION = 5.0;
			};
			name = Release;
		};
/* End XCBuildConfiguration section */

/* Begin XCConfigurationList section */
		A0F8ECEE2356EEEA00B9E0BA /* Build configuration list for PBXProject "MetalRender" */ = {
			isa = XCConfigurationList;
			buildConfigurations = (
				A0F8ED012356EEEB00B9E0BA /* Debug */,
				A0F8ED022356EEEB00B9E0BA /* Release */,
			);
			defaultConfigurationIsVisible = 0;
			defaultConfigurationName = Release;
		};
		A0F8ED032356EEEB00B9E0BA /* Build configuration list for PBXNativeTarget "MetalRender" */ = {
			isa = XCConfigurationList;
			buildConfigurations = (
				A0F8ED042356EEEB00B9E0BA /* Debug */,
				A0F8ED052356EEEB00B9E0BA /* Release */,
			);
			defaultConfigurationIsVisible = 0;
			defaultConfigurationName = Release;
		};
/* End XCConfigurationList section */
	};
	rootObject = A0F8ECEB2356EEEA00B9E0BA /* Project object */;
}
